
Microsoft Visual Studio Solution File, Format Version 12.00
# Visual Studio Version 17
VisualStudioVersion = 17.12.35521.163
MinimumVisualStudioVersion = 15.0.26124.0
Project("{FAE04EC0-301F-11D3-BF4B-00C04F79EFBC}") = "Esia", "src\Esia\Esia.csproj", "{5F801EED-8223-4D35-BB0B-D922C01B9BF5}"
EndProject
Project("{FAE04EC0-301F-11D3-BF4B-00C04F79EFBC}") = "EsiaNet8Sample", "samples\EsiaNet8Sample\EsiaNet8Sample.csproj", "{6BBCBD35-642B-4BDC-80B1-2B474351A26D}"
EndProject
Project("{FAE04EC0-301F-11D3-BF4B-00C04F79EFBC}") = "Esia.BouncyCastle", "src\Esia.BouncyCastle\Esia.BouncyCastle.csproj", "{C2CC2E7B-A8B5-465D-88AC-F5B4570BC8C1}"
EndProject
Project("{FAE04EC0-301F-11D3-BF4B-00C04F79EFBC}") = "Esia.CryptoPro", "src\Esia.CryptoPro\Esia.CryptoPro.csproj", "{3655E32E-13DE-4485-AAE0-10A4BD0B5217}"
EndProject
Project("{2150E333-8FDC-42A3-9474-1A3956D46DE8}") = "_common", "_common", "{4102E5BD-904C-48EB-B1ED-0526AC32588D}"
	ProjectSection(SolutionItems) = preProject
		src\Directory.Build.props = src\Directory.Build.props
		src\Directory.Packages.props = src\Directory.Packages.props
	EndProjectSection
EndProject
Global
	GlobalSection(SolutionConfigurationPlatforms) = preSolution
		Debug|Any CPU = Debug|Any CPU
		Release|Any CPU = Release|Any CPU
	EndGlobalSection
	GlobalSection(ProjectConfigurationPlatforms) = postSolution
		{5F801EED-8223-4D35-BB0B-D922C01B9BF5}.Debug|Any CPU.ActiveCfg = Debug|Any CPU
		{5F801EED-8223-4D35-BB0B-D922C01B9BF5}.Debug|Any CPU.Build.0 = Debug|Any CPU
		{5F801EED-8223-4D35-BB0B-D922C01B9BF5}.Release|Any CPU.ActiveCfg = Release|Any CPU
		{5F801EED-8223-4D35-BB0B-D922C01B9BF5}.Release|Any CPU.Build.0 = Release|Any CPU
		{6BBCBD35-642B-4BDC-80B1-2B474351A26D}.Debug|Any CPU.ActiveCfg = Debug|Any CPU
		{6BBCBD35-642B-4BDC-80B1-2B474351A26D}.Debug|Any CPU.Build.0 = Debug|Any CPU
		{6BBCBD35-642B-4BDC-80B1-2B474351A26D}.Release|Any CPU.ActiveCfg = Release|Any CPU
		{6BBCBD35-642B-4BDC-80B1-2B474351A26D}.Release|Any CPU.Build.0 = Release|Any CPU
		{C2CC2E7B-A8B5-465D-88AC-F5B4570BC8C1}.Debug|Any CPU.ActiveCfg = Debug|Any CPU
		{C2CC2E7B-A8B5-465D-88AC-F5B4570BC8C1}.Debug|Any CPU.Build.0 = Debug|Any CPU
		{C2CC2E7B-A8B5-465D-88AC-F5B4570BC8C1}.Release|Any CPU.ActiveCfg = Release|Any CPU
		{C2CC2E7B-A8B5-465D-88AC-F5B4570BC8C1}.Release|Any CPU.Build.0 = Release|Any CPU
		{3655E32E-13DE-4485-AAE0-10A4BD0B5217}.Debug|Any CPU.ActiveCfg = Debug|Any CPU
		{3655E32E-13DE-4485-AAE0-10A4BD0B5217}.Debug|Any CPU.Build.0 = Debug|Any CPU
		{3655E32E-13DE-4485-AAE0-10A4BD0B5217}.Release|Any CPU.ActiveCfg = Release|Any CPU
		{3655E32E-13DE-4485-AAE0-10A4BD0B5217}.Release|Any CPU.Build.0 = Release|Any CPU
	EndGlobalSection
	GlobalSection(SolutionProperties) = preSolution
		HideSolutionNode = FALSE
	EndGlobalSection
	GlobalSection(ExtensibilityGlobals) = postSolution
		SolutionGuid = {DBA864BE-82F7-4109-8388-731F063AA90C}
	EndGlobalSection
EndGlobal
