
Microsoft Visual Studio Solution File, Format Version 12.00
# Visual Studio 15
VisualStudioVersion = 15.0.26124.0
MinimumVisualStudioVersion = 15.0.26124.0
Project("{9A19103F-16F7-4668-BE54-9A1E7A4F7556}") = "AISGorod.AspNetCore.Authentication.Esia", "src\AISGorod.AspNetCore.Authentication.Esia.csproj", "{5F801EED-8223-4D35-BB0B-D922C01B9BF5}"
EndProject
Project("{FAE04EC0-301F-11D3-BF4B-00C04F79EFBC}") = "EsiaSample", "samples\EsiaSample\EsiaSample.csproj", "{2EE8199B-3BF3-4375-ADAC-77A59A48B57F}"
EndProject
Global
	GlobalSection(SolutionConfigurationPlatforms) = preSolution
		Debug|Any CPU = Debug|Any CPU
		Release|Any CPU = Release|Any CPU
	EndGlobalSection
	GlobalSection(ProjectConfigurationPlatforms) = postSolution
		{5F801EED-8223-4D35-BB0B-D922C01B9BF5}.Debug|Any CPU.ActiveCfg = Debug|Any CPU
		{5F801EED-8223-4D35-BB0B-D922C01B9BF5}.Debug|Any CPU.Build.0 = Debug|Any CPU
		{5F801EED-8223-4D35-BB0B-D922C01B9BF5}.Release|Any CPU.ActiveCfg = Release|Any CPU
		{5F801EED-8223-4D35-BB0B-D922C01B9BF5}.Release|Any CPU.Build.0 = Release|Any CPU
		{2EE8199B-3BF3-4375-ADAC-77A59A48B57F}.Debug|Any CPU.ActiveCfg = Debug|Any CPU
		{2EE8199B-3BF3-4375-ADAC-77A59A48B57F}.Debug|Any CPU.Build.0 = Debug|Any CPU
		{2EE8199B-3BF3-4375-ADAC-77A59A48B57F}.Release|Any CPU.ActiveCfg = Release|Any CPU
		{2EE8199B-3BF3-4375-ADAC-77A59A48B57F}.Release|Any CPU.Build.0 = Release|Any CPU
	EndGlobalSection
	GlobalSection(SolutionProperties) = preSolution
		HideSolutionNode = FALSE
	EndGlobalSection
	GlobalSection(ExtensibilityGlobals) = postSolution
		SolutionGuid = {DBA864BE-82F7-4109-8388-731F063AA90C}
	EndGlobalSection
EndGlobal
